
Microsoft Visual Studio Solution File, Format Version 12.00
# Visual Studio 15
VisualStudioVersion = 15.0.28307.136
MinimumVisualStudioVersion = 10.0.40219.1
Project("{FAE04EC0-301F-11D3-BF4B-00C04F79EFBC}") = "EmployeeService", "EmployeeService\EmployeeService.csproj", "{A525A35D-9E10-491B-8CA5-657956EA03B7}"
EndProject
Project("{FAE04EC0-301F-11D3-BF4B-00C04F79EFBC}") = "EmployeeDataAccess", "EmployeeDataAccess\EmployeeDataAccess.csproj", "{9864C551-9ADA-4851-95AC-317AFEFB3FE4}"
EndProject
Global
	GlobalSection(SolutionConfigurationPlatforms) = preSolution
		Debug|Any CPU = Debug|Any CPU
		Release|Any CPU = Release|Any CPU
	EndGlobalSection
	GlobalSection(ProjectConfigurationPlatforms) = postSolution
		{A525A35D-9E10-491B-8CA5-657956EA03B7}.Debug|Any CPU.ActiveCfg = Debug|Any CPU
		{A525A35D-9E10-491B-8CA5-657956EA03B7}.Debug|Any CPU.Build.0 = Debug|Any CPU
		{A525A35D-9E10-491B-8CA5-657956EA03B7}.Release|Any CPU.ActiveCfg = Release|Any CPU
		{A525A35D-9E10-491B-8CA5-657956EA03B7}.Release|Any CPU.Build.0 = Release|Any CPU
		{9864C551-9ADA-4851-95AC-317AFEFB3FE4}.Debug|Any CPU.ActiveCfg = Debug|Any CPU
		{9864C551-9ADA-4851-95AC-317AFEFB3FE4}.Debug|Any CPU.Build.0 = Debug|Any CPU
		{9864C551-9ADA-4851-95AC-317AFEFB3FE4}.Release|Any CPU.ActiveCfg = Release|Any CPU
		{9864C551-9ADA-4851-95AC-317AFEFB3FE4}.Release|Any CPU.Build.0 = Release|Any CPU
	EndGlobalSection
	GlobalSection(SolutionProperties) = preSolution
		HideSolutionNode = FALSE
	EndGlobalSection
	GlobalSection(ExtensibilityGlobals) = postSolution
		SolutionGuid = {14DB9EF5-BAD3-4E82-9A77-483F4EB580F6}
	EndGlobalSection
EndGlobal
